
Microsoft Visual Studio Solution File, Format Version 12.00
# Visual Studio Version 16
VisualStudioVersion = 16.0.29424.173
MinimumVisualStudioVersion = 10.0.40219.1
Project("{FAE04EC0-301F-11D3-BF4B-00C04F79EFBC}") = "Presentacion", "Presentacion\Presentacion.csproj", "{C0C2E833-372B-4613-8690-F47C649993A9}"
EndProject
Project("{FAE04EC0-301F-11D3-BF4B-00C04F79EFBC}") = "Datos", "Datos\Datos.csproj", "{1031D064-36E3-4F79-B0A1-E5AAF5F04F57}"
EndProject
Project("{FAE04EC0-301F-11D3-BF4B-00C04F79EFBC}") = "Logica", "Logica\Logica.csproj", "{1E4DABD2-7895-4E4A-9FE1-DF74432BF345}"
EndProject
Global
	GlobalSection(SolutionConfigurationPlatforms) = preSolution
		Debug|Any CPU = Debug|Any CPU
		Debug|x64 = Debug|x64
		Debug|x86 = Debug|x86
		Release|Any CPU = Release|Any CPU
		Release|x64 = Release|x64
		Release|x86 = Release|x86
	EndGlobalSection
	GlobalSection(ProjectConfigurationPlatforms) = postSolution
		{C0C2E833-372B-4613-8690-F47C649993A9}.Debug|Any CPU.ActiveCfg = Debug|x64
		{C0C2E833-372B-4613-8690-F47C649993A9}.Debug|Any CPU.Build.0 = Debug|x64
		{C0C2E833-372B-4613-8690-F47C649993A9}.Debug|x64.ActiveCfg = Debug|Any CPU
		{C0C2E833-372B-4613-8690-F47C649993A9}.Debug|x64.Build.0 = Debug|Any CPU
		{C0C2E833-372B-4613-8690-F47C649993A9}.Debug|x86.ActiveCfg = Debug|x86
		{C0C2E833-372B-4613-8690-F47C649993A9}.Debug|x86.Build.0 = Debug|x86
		{C0C2E833-372B-4613-8690-F47C649993A9}.Release|Any CPU.ActiveCfg = Debug|Any CPU
		{C0C2E833-372B-4613-8690-F47C649993A9}.Release|Any CPU.Build.0 = Debug|Any CPU
		{C0C2E833-372B-4613-8690-F47C649993A9}.Release|x64.ActiveCfg = Debug|Any CPU
		{C0C2E833-372B-4613-8690-F47C649993A9}.Release|x64.Build.0 = Debug|Any CPU
		{C0C2E833-372B-4613-8690-F47C649993A9}.Release|x86.ActiveCfg = Debug|x86
		{C0C2E833-372B-4613-8690-F47C649993A9}.Release|x86.Build.0 = Debug|x86
		{1031D064-36E3-4F79-B0A1-E5AAF5F04F57}.Debug|Any CPU.ActiveCfg = Debug|Any CPU
		{1031D064-36E3-4F79-B0A1-E5AAF5F04F57}.Debug|Any CPU.Build.0 = Debug|Any CPU
		{1031D064-36E3-4F79-B0A1-E5AAF5F04F57}.Debug|x64.ActiveCfg = Debug|Any CPU
		{1031D064-36E3-4F79-B0A1-E5AAF5F04F57}.Debug|x64.Build.0 = Debug|Any CPU
		{1031D064-36E3-4F79-B0A1-E5AAF5F04F57}.Debug|x86.ActiveCfg = Debug|x86
		{1031D064-36E3-4F79-B0A1-E5AAF5F04F57}.Debug|x86.Build.0 = Debug|x86
		{1031D064-36E3-4F79-B0A1-E5AAF5F04F57}.Release|Any CPU.ActiveCfg = Release|Any CPU
		{1031D064-36E3-4F79-B0A1-E5AAF5F04F57}.Release|Any CPU.Build.0 = Release|Any CPU
		{1031D064-36E3-4F79-B0A1-E5AAF5F04F57}.Release|x64.ActiveCfg = Release|x64
		{1031D064-36E3-4F79-B0A1-E5AAF5F04F57}.Release|x64.Build.0 = Release|x64
		{1031D064-36E3-4F79-B0A1-E5AAF5F04F57}.Release|x86.ActiveCfg = Release|x86
		{1031D064-36E3-4F79-B0A1-E5AAF5F04F57}.Release|x86.Build.0 = Release|x86
		{1E4DABD2-7895-4E4A-9FE1-DF74432BF345}.Debug|Any CPU.ActiveCfg = Debug|Any CPU
		{1E4DABD2-7895-4E4A-9FE1-DF74432BF345}.Debug|Any CPU.Build.0 = Debug|Any CPU
		{1E4DABD2-7895-4E4A-9FE1-DF74432BF345}.Debug|x64.ActiveCfg = Debug|Any CPU
		{1E4DABD2-7895-4E4A-9FE1-DF74432BF345}.Debug|x64.Build.0 = Debug|Any CPU
		{1E4DABD2-7895-4E4A-9FE1-DF74432BF345}.Debug|x86.ActiveCfg = Debug|x86
		{1E4DABD2-7895-4E4A-9FE1-DF74432BF345}.Debug|x86.Build.0 = Debug|x86
		{1E4DABD2-7895-4E4A-9FE1-DF74432BF345}.Release|Any CPU.ActiveCfg = Release|Any CPU
		{1E4DABD2-7895-4E4A-9FE1-DF74432BF345}.Release|Any CPU.Build.0 = Release|Any CPU
		{1E4DABD2-7895-4E4A-9FE1-DF74432BF345}.Release|x64.ActiveCfg = Release|Any CPU
		{1E4DABD2-7895-4E4A-9FE1-DF74432BF345}.Release|x64.Build.0 = Release|Any CPU
		{1E4DABD2-7895-4E4A-9FE1-DF74432BF345}.Release|x86.ActiveCfg = Release|x86
		{1E4DABD2-7895-4E4A-9FE1-DF74432BF345}.Release|x86.Build.0 = Release|x86
	EndGlobalSection
	GlobalSection(SolutionProperties) = preSolution
		HideSolutionNode = FALSE
	EndGlobalSection
	GlobalSection(ExtensibilityGlobals) = postSolution
		SolutionGuid = {184006A6-3E48-4223-B610-CEF2254DBB74}
	EndGlobalSection
EndGlobal
